
Microsoft Visual Studio Solution File, Format Version 12.00
# Visual Studio Version 16
VisualStudioVersion = 16.0.29709.97
MinimumVisualStudioVersion = 10.0.40219.1
Project("{FAE04EC0-301F-11D3-BF4B-00C04F79EFBC}") = "EntityFramework.CRUDDEMO", "EntityFramework.CRUDDEMO\EntityFramework.CRUDDEMO.csproj", "{140AB9D6-CDC7-43AC-B56F-47E03F7A7497}"
EndProject
Global
	GlobalSection(SolutionConfigurationPlatforms) = preSolution
		Debug|Any CPU = Debug|Any CPU
		Release|Any CPU = Release|Any CPU
	EndGlobalSection
	GlobalSection(ProjectConfigurationPlatforms) = postSolution
		{140AB9D6-CDC7-43AC-B56F-47E03F7A7497}.Debug|Any CPU.ActiveCfg = Debug|Any CPU
		{140AB9D6-CDC7-43AC-B56F-47E03F7A7497}.Debug|Any CPU.Build.0 = Debug|Any CPU
		{140AB9D6-CDC7-43AC-B56F-47E03F7A7497}.Release|Any CPU.ActiveCfg = Release|Any CPU
		{140AB9D6-CDC7-43AC-B56F-47E03F7A7497}.Release|Any CPU.Build.0 = Release|Any CPU
	EndGlobalSection
	GlobalSection(SolutionProperties) = preSolution
		HideSolutionNode = FALSE
	EndGlobalSection
	GlobalSection(ExtensibilityGlobals) = postSolution
		SolutionGuid = {73757498-BDC8-45BD-A52A-72B9DD46B1D2}
	EndGlobalSection
EndGlobal
